// !$*UTF8*$!
{
	archiveVersion = 1;
	classes = {
	};
	objectVersion = 56;
	objects = {

/* Begin PBXBuildFile section */
		55058F532A1154E800868378 /* WeatherViewController.swift in Sources */ = {isa = PBXBuildFile; fileRef = 55058F522A1154E800868378 /* WeatherViewController.swift */; };
		55058F562A11599E00868378 /* WeatherViewModel.swift in Sources */ = {isa = PBXBuildFile; fileRef = 55058F552A11599E00868378 /* WeatherViewModel.swift */; };
		55058F592A11665C00868378 /* City.swift in Sources */ = {isa = PBXBuildFile; fileRef = 55058F582A11665C00868378 /* City.swift */; };
		55058F5B2A11672000868378 /* CityWeatherData.swift in Sources */ = {isa = PBXBuildFile; fileRef = 55058F5A2A11672000868378 /* CityWeatherData.swift */; };
		55058F5E2A1167AD00868378 /* WeatherApi.swift in Sources */ = {isa = PBXBuildFile; fileRef = 55058F5D2A1167AD00868378 /* WeatherApi.swift */; };
		55058F602A11680400868378 /* WeatherApiCall.swift in Sources */ = {isa = PBXBuildFile; fileRef = 55058F5F2A11680400868378 /* WeatherApiCall.swift */; };
		5568AF172A1150C4001E6E12 /* AppDelegate.swift in Sources */ = {isa = PBXBuildFile; fileRef = 5568AF162A1150C4001E6E12 /* AppDelegate.swift */; };
		5568AF192A1150C4001E6E12 /* SceneDelegate.swift in Sources */ = {isa = PBXBuildFile; fileRef = 5568AF182A1150C4001E6E12 /* SceneDelegate.swift */; };
		5568AF1E2A1150C4001E6E12 /* Main.storyboard in Resources */ = {isa = PBXBuildFile; fileRef = 5568AF1C2A1150C4001E6E12 /* Main.storyboard */; };
		5568AF202A1150C5001E6E12 /* Assets.xcassets in Resources */ = {isa = PBXBuildFile; fileRef = 5568AF1F2A1150C5001E6E12 /* Assets.xcassets */; };
		5568AF232A1150C5001E6E12 /* LaunchScreen.storyboard in Resources */ = {isa = PBXBuildFile; fileRef = 5568AF212A1150C5001E6E12 /* LaunchScreen.storyboard */; };
		5568AF2E2A1150C5001E6E12 /* WeatherAppTests.swift in Sources */ = {isa = PBXBuildFile; fileRef = 5568AF2D2A1150C5001E6E12 /* WeatherAppTests.swift */; };
		5568AF382A1150C5001E6E12 /* WeatherAppUITests.swift in Sources */ = {isa = PBXBuildFile; fileRef = 5568AF372A1150C5001E6E12 /* WeatherAppUITests.swift */; };
		5568AF3A2A1150C5001E6E12 /* WeatherAppUITestsLaunchTests.swift in Sources */ = {isa = PBXBuildFile; fileRef = 5568AF392A1150C5001E6E12 /* WeatherAppUITestsLaunchTests.swift */; };
		5568AF4A2A11530B001E6E12 /* HomeViewController.swift in Sources */ = {isa = PBXBuildFile; fileRef = 5568AF492A11530B001E6E12 /* HomeViewController.swift */; };
/* End PBXBuildFile section */

/* Begin PBXContainerItemProxy section */
		5568AF2A2A1150C5001E6E12 /* PBXContainerItemProxy */ = {
			isa = PBXContainerItemProxy;
			containerPortal = 5568AF0B2A1150C4001E6E12 /* Project object */;
			proxyType = 1;
			remoteGlobalIDString = 5568AF122A1150C4001E6E12;
			remoteInfo = WeatherApp;
		};
		5568AF342A1150C5001E6E12 /* PBXContainerItemProxy */ = {
			isa = PBXContainerItemProxy;
			containerPortal = 5568AF0B2A1150C4001E6E12 /* Project object */;
			proxyType = 1;
			remoteGlobalIDString = 5568AF122A1150C4001E6E12;
			remoteInfo = WeatherApp;
		};
/* End PBXContainerItemProxy section */

/* Begin PBXFileReference section */
		55058F522A1154E800868378 /* WeatherViewController.swift */ = {isa = PBXFileReference; lastKnownFileType = sourcecode.swift; path = WeatherViewController.swift; sourceTree = "<group>"; };
		55058F552A11599E00868378 /* WeatherViewModel.swift */ = {isa = PBXFileReference; lastKnownFileType = sourcecode.swift; path = WeatherViewModel.swift; sourceTree = "<group>"; };
		55058F582A11665C00868378 /* City.swift */ = {isa = PBXFileReference; lastKnownFileType = sourcecode.swift; path = City.swift; sourceTree = "<group>"; };
		55058F5A2A11672000868378 /* CityWeatherData.swift */ = {isa = PBXFileReference; lastKnownFileType = sourcecode.swift; path = CityWeatherData.swift; sourceTree = "<group>"; };
		55058F5D2A1167AD00868378 /* WeatherApi.swift */ = {isa = PBXFileReference; lastKnownFileType = sourcecode.swift; path = WeatherApi.swift; sourceTree = "<group>"; };
		55058F5F2A11680400868378 /* WeatherApiCall.swift */ = {isa = PBXFileReference; lastKnownFileType = sourcecode.swift; path = WeatherApiCall.swift; sourceTree = "<group>"; };
		5568AF132A1150C4001E6E12 /* WeatherApp.app */ = {isa = PBXFileReference; explicitFileType = wrapper.application; includeInIndex = 0; path = WeatherApp.app; sourceTree = BUILT_PRODUCTS_DIR; };
		5568AF162A1150C4001E6E12 /* AppDelegate.swift */ = {isa = PBXFileReference; lastKnownFileType = sourcecode.swift; path = AppDelegate.swift; sourceTree = "<group>"; };
		5568AF182A1150C4001E6E12 /* SceneDelegate.swift */ = {isa = PBXFileReference; lastKnownFileType = sourcecode.swift; path = SceneDelegate.swift; sourceTree = "<group>"; };
		5568AF1D2A1150C4001E6E12 /* Base */ = {isa = PBXFileReference; lastKnownFileType = file.storyboard; name = Base; path = Base.lproj/Main.storyboard; sourceTree = "<group>"; };
		5568AF1F2A1150C5001E6E12 /* Assets.xcassets */ = {isa = PBXFileReference; lastKnownFileType = folder.assetcatalog; path = Assets.xcassets; sourceTree = "<group>"; };
		5568AF222A1150C5001E6E12 /* Base */ = {isa = PBXFileReference; lastKnownFileType = file.storyboard; name = Base; path = Base.lproj/LaunchScreen.storyboard; sourceTree = "<group>"; };
		5568AF242A1150C5001E6E12 /* Info.plist */ = {isa = PBXFileReference; lastKnownFileType = text.plist.xml; name = Info.plist; path = WeatherApp/Resources/Info.plist; sourceTree = SOURCE_ROOT; };
		5568AF292A1150C5001E6E12 /* WeatherAppTests.xctest */ = {isa = PBXFileReference; explicitFileType = wrapper.cfbundle; includeInIndex = 0; path = WeatherAppTests.xctest; sourceTree = BUILT_PRODUCTS_DIR; };
		5568AF2D2A1150C5001E6E12 /* WeatherAppTests.swift */ = {isa = PBXFileReference; lastKnownFileType = sourcecode.swift; path = WeatherAppTests.swift; sourceTree = "<group>"; };
		5568AF332A1150C5001E6E12 /* WeatherAppUITests.xctest */ = {isa = PBXFileReference; explicitFileType = wrapper.cfbundle; includeInIndex = 0; path = WeatherAppUITests.xctest; sourceTree = BUILT_PRODUCTS_DIR; };
		5568AF372A1150C5001E6E12 /* WeatherAppUITests.swift */ = {isa = PBXFileReference; lastKnownFileType = sourcecode.swift; path = WeatherAppUITests.swift; sourceTree = "<group>"; };
		5568AF392A1150C5001E6E12 /* WeatherAppUITestsLaunchTests.swift */ = {isa = PBXFileReference; lastKnownFileType = sourcecode.swift; path = WeatherAppUITestsLaunchTests.swift; sourceTree = "<group>"; };
		5568AF492A11530B001E6E12 /* HomeViewController.swift */ = {isa = PBXFileReference; lastKnownFileType = sourcecode.swift; path = HomeViewController.swift; sourceTree = "<group>"; };
/* End PBXFileReference section */

/* Begin PBXFrameworksBuildPhase section */
		5568AF102A1150C4001E6E12 /* Frameworks */ = {
			isa = PBXFrameworksBuildPhase;
			buildActionMask = 2147483647;
			files = (
			);
			runOnlyForDeploymentPostprocessing = 0;
		};
		5568AF262A1150C5001E6E12 /* Frameworks */ = {
			isa = PBXFrameworksBuildPhase;
			buildActionMask = 2147483647;
			files = (
			);
			runOnlyForDeploymentPostprocessing = 0;
		};
		5568AF302A1150C5001E6E12 /* Frameworks */ = {
			isa = PBXFrameworksBuildPhase;
			buildActionMask = 2147483647;
			files = (
			);
			runOnlyForDeploymentPostprocessing = 0;
		};
/* End PBXFrameworksBuildPhase section */

/* Begin PBXGroup section */
		55058F542A11597D00868378 /* ViewModels */ = {
			isa = PBXGroup;
			children = (
				55058F552A11599E00868378 /* WeatherViewModel.swift */,
			);
			path = ViewModels;
			sourceTree = "<group>";
		};
		55058F572A11664000868378 /* Models */ = {
			isa = PBXGroup;
			children = (
				55058F582A11665C00868378 /* City.swift */,
				55058F5A2A11672000868378 /* CityWeatherData.swift */,
			);
			path = Models;
			sourceTree = "<group>";
		};
		55058F5C2A11675000868378 /* Networking */ = {
			isa = PBXGroup;
			children = (
				55058F5D2A1167AD00868378 /* WeatherApi.swift */,
				55058F5F2A11680400868378 /* WeatherApiCall.swift */,
			);
			path = Networking;
			sourceTree = "<group>";
		};
		5568AF0A2A1150C4001E6E12 = {
			isa = PBXGroup;
			children = (
				5568AF152A1150C4001E6E12 /* WeatherApp */,
				5568AF2C2A1150C5001E6E12 /* WeatherAppTests */,
				5568AF362A1150C5001E6E12 /* WeatherAppUITests */,
				5568AF142A1150C4001E6E12 /* Products */,
			);
			sourceTree = "<group>";
		};
		5568AF142A1150C4001E6E12 /* Products */ = {
			isa = PBXGroup;
			children = (
				5568AF132A1150C4001E6E12 /* WeatherApp.app */,
				5568AF292A1150C5001E6E12 /* WeatherAppTests.xctest */,
				5568AF332A1150C5001E6E12 /* WeatherAppUITests.xctest */,
			);
			name = Products;
			sourceTree = "<group>";
		};
		5568AF152A1150C4001E6E12 /* WeatherApp */ = {
			isa = PBXGroup;
			children = (
				5568AF482A115265001E6E12 /* ViewController */,
				55058F542A11597D00868378 /* ViewModels */,
				55058F572A11664000868378 /* Models */,
				55058F5C2A11675000868378 /* Networking */,
				5568AF472A11524A001E6E12 /* Application */,
				5568AF462A1151EF001E6E12 /* Resources */,
			);
			path = WeatherApp;
			sourceTree = "<group>";
		};
		5568AF2C2A1150C5001E6E12 /* WeatherAppTests */ = {
			isa = PBXGroup;
			children = (
				5568AF2D2A1150C5001E6E12 /* WeatherAppTests.swift */,
			);
			path = WeatherAppTests;
			sourceTree = "<group>";
		};
		5568AF362A1150C5001E6E12 /* WeatherAppUITests */ = {
			isa = PBXGroup;
			children = (
				5568AF372A1150C5001E6E12 /* WeatherAppUITests.swift */,
				5568AF392A1150C5001E6E12 /* WeatherAppUITestsLaunchTests.swift */,
			);
			path = WeatherAppUITests;
			sourceTree = "<group>";
		};
		5568AF462A1151EF001E6E12 /* Resources */ = {
			isa = PBXGroup;
			children = (
				5568AF242A1150C5001E6E12 /* Info.plist */,
				5568AF212A1150C5001E6E12 /* LaunchScreen.storyboard */,
				5568AF1F2A1150C5001E6E12 /* Assets.xcassets */,
				5568AF1C2A1150C4001E6E12 /* Main.storyboard */,
			);
			path = Resources;
			sourceTree = "<group>";
		};
		5568AF472A11524A001E6E12 /* Application */ = {
			isa = PBXGroup;
			children = (
				5568AF162A1150C4001E6E12 /* AppDelegate.swift */,
				5568AF182A1150C4001E6E12 /* SceneDelegate.swift */,
			);
			path = Application;
			sourceTree = "<group>";
		};
		5568AF482A115265001E6E12 /* ViewController */ = {
			isa = PBXGroup;
			children = (
				5568AF492A11530B001E6E12 /* HomeViewController.swift */,
				55058F522A1154E800868378 /* WeatherViewController.swift */,
			);
			path = ViewController;
			sourceTree = "<group>";
		};
/* End PBXGroup section */

/* Begin PBXNativeTarget section */
		5568AF122A1150C4001E6E12 /* WeatherApp */ = {
			isa = PBXNativeTarget;
			buildConfigurationList = 5568AF3D2A1150C5001E6E12 /* Build configuration list for PBXNativeTarget "WeatherApp" */;
			buildPhases = (
				5568AF0F2A1150C4001E6E12 /* Sources */,
				5568AF102A1150C4001E6E12 /* Frameworks */,
				5568AF112A1150C4001E6E12 /* Resources */,
			);
			buildRules = (
			);
			dependencies = (
			);
			name = WeatherApp;
			productName = WeatherApp;
			productReference = 5568AF132A1150C4001E6E12 /* WeatherApp.app */;
			productType = "com.apple.product-type.application";
		};
		5568AF282A1150C5001E6E12 /* WeatherAppTests */ = {
			isa = PBXNativeTarget;
			buildConfigurationList = 5568AF402A1150C5001E6E12 /* Build configuration list for PBXNativeTarget "WeatherAppTests" */;
			buildPhases = (
				5568AF252A1150C5001E6E12 /* Sources */,
				5568AF262A1150C5001E6E12 /* Frameworks */,
				5568AF272A1150C5001E6E12 /* Resources */,
			);
			buildRules = (
			);
			dependencies = (
				5568AF2B2A1150C5001E6E12 /* PBXTargetDependency */,
			);
			name = WeatherAppTests;
			productName = WeatherAppTests;
			productReference = 5568AF292A1150C5001E6E12 /* WeatherAppTests.xctest */;
			productType = "com.apple.product-type.bundle.unit-test";
		};
		5568AF322A1150C5001E6E12 /* WeatherAppUITests */ = {
			isa = PBXNativeTarget;
			buildConfigurationList = 5568AF432A1150C5001E6E12 /* Build configuration list for PBXNativeTarget "WeatherAppUITests" */;
			buildPhases = (
				5568AF2F2A1150C5001E6E12 /* Sources */,
				5568AF302A1150C5001E6E12 /* Frameworks */,
				5568AF312A1150C5001E6E12 /* Resources */,
			);
			buildRules = (
			);
			dependencies = (
				5568AF352A1150C5001E6E12 /* PBXTargetDependency */,
			);
			name = WeatherAppUITests;
			productName = WeatherAppUITests;
			productReference = 5568AF332A1150C5001E6E12 /* WeatherAppUITests.xctest */;
			productType = "com.apple.product-type.bundle.ui-testing";
		};
/* End PBXNativeTarget section */

/* Begin PBXProject section */
		5568AF0B2A1150C4001E6E12 /* Project object */ = {
			isa = PBXProject;
			attributes = {
				BuildIndependentTargetsInParallel = 1;
				LastSwiftUpdateCheck = 1420;
				LastUpgradeCheck = 1420;
				TargetAttributes = {
					5568AF122A1150C4001E6E12 = {
						CreatedOnToolsVersion = 14.2;
					};
					5568AF282A1150C5001E6E12 = {
						CreatedOnToolsVersion = 14.2;
						TestTargetID = 5568AF122A1150C4001E6E12;
					};
					5568AF322A1150C5001E6E12 = {
						CreatedOnToolsVersion = 14.2;
						TestTargetID = 5568AF122A1150C4001E6E12;
					};
				};
			};
			buildConfigurationList = 5568AF0E2A1150C4001E6E12 /* Build configuration list for PBXProject "WeatherApp" */;
			compatibilityVersion = "Xcode 14.0";
			developmentRegion = en;
			hasScannedForEncodings = 0;
			knownRegions = (
				en,
				Base,
			);
			mainGroup = 5568AF0A2A1150C4001E6E12;
			productRefGroup = 5568AF142A1150C4001E6E12 /* Products */;
			projectDirPath = "";
			projectRoot = "";
			targets = (
				5568AF122A1150C4001E6E12 /* WeatherApp */,
				5568AF282A1150C5001E6E12 /* WeatherAppTests */,
				5568AF322A1150C5001E6E12 /* WeatherAppUITests */,
			);
		};
/* End PBXProject section */

/* Begin PBXResourcesBuildPhase section */
		5568AF112A1150C4001E6E12 /* Resources */ = {
			isa = PBXResourcesBuildPhase;
			buildActionMask = 2147483647;
			files = (
				5568AF232A1150C5001E6E12 /* LaunchScreen.storyboard in Resources */,
				5568AF202A1150C5001E6E12 /* Assets.xcassets in Resources */,
				5568AF1E2A1150C4001E6E12 /* Main.storyboard in Resources */,
			);
			runOnlyForDeploymentPostprocessing = 0;
		};
		5568AF272A1150C5001E6E12 /* Resources */ = {
			isa = PBXResourcesBuildPhase;
			buildActionMask = 2147483647;
			files = (
			);
			runOnlyForDeploymentPostprocessing = 0;
		};
		5568AF312A1150C5001E6E12 /* Resources */ = {
			isa = PBXResourcesBuildPhase;
			buildActionMask = 2147483647;
			files = (
			);
			runOnlyForDeploymentPostprocessing = 0;
		};
/* End PBXResourcesBuildPhase section */

/* Begin PBXSourcesBuildPhase section */
		5568AF0F2A1150C4001E6E12 /* Sources */ = {
			isa = PBXSourcesBuildPhase;
			buildActionMask = 2147483647;
			files = (
				55058F562A11599E00868378 /* WeatherViewModel.swift in Sources */,
				5568AF172A1150C4001E6E12 /* AppDelegate.swift in Sources */,
				55058F592A11665C00868378 /* City.swift in Sources */,
				55058F602A11680400868378 /* WeatherApiCall.swift in Sources */,
				55058F532A1154E800868378 /* WeatherViewController.swift in Sources */,
				5568AF192A1150C4001E6E12 /* SceneDelegate.swift in Sources */,
				55058F5E2A1167AD00868378 /* WeatherApi.swift in Sources */,
				5568AF4A2A11530B001E6E12 /* HomeViewController.swift in Sources */,
				55058F5B2A11672000868378 /* CityWeatherData.swift in Sources */,
			);
			runOnlyForDeploymentPostprocessing = 0;
		};
		5568AF252A1150C5001E6E12 /* Sources */ = {
			isa = PBXSourcesBuildPhase;
			buildActionMask = 2147483647;
			files = (
				5568AF2E2A1150C5001E6E12 /* WeatherAppTests.swift in Sources */,
			);
			runOnlyForDeploymentPostprocessing = 0;
		};
		5568AF2F2A1150C5001E6E12 /* Sources */ = {
			isa = PBXSourcesBuildPhase;
			buildActionMask = 2147483647;
			files = (
				5568AF382A1150C5001E6E12 /* WeatherAppUITests.swift in Sources */,
				5568AF3A2A1150C5001E6E12 /* WeatherAppUITestsLaunchTests.swift in Sources */,
			);
			runOnlyForDeploymentPostprocessing = 0;
		};
/* End PBXSourcesBuildPhase section */

/* Begin PBXTargetDependency section */
		5568AF2B2A1150C5001E6E12 /* PBXTargetDependency */ = {
			isa = PBXTargetDependency;
			target = 5568AF122A1150C4001E6E12 /* WeatherApp */;
			targetProxy = 5568AF2A2A1150C5001E6E12 /* PBXContainerItemProxy */;
		};
		5568AF352A1150C5001E6E12 /* PBXTargetDependency */ = {
			isa = PBXTargetDependency;
			target = 5568AF122A1150C4001E6E12 /* WeatherApp */;
			targetProxy = 5568AF342A1150C5001E6E12 /* PBXContainerItemProxy */;
		};
/* End PBXTargetDependency section */

/* Begin PBXVariantGroup section */
		5568AF1C2A1150C4001E6E12 /* Main.storyboard */ = {
			isa = PBXVariantGroup;
			children = (
				5568AF1D2A1150C4001E6E12 /* Base */,
			);
			name = Main.storyboard;
			sourceTree = "<group>";
		};
		5568AF212A1150C5001E6E12 /* LaunchScreen.storyboard */ = {
			isa = PBXVariantGroup;
			children = (
				5568AF222A1150C5001E6E12 /* Base */,
			);
			name = LaunchScreen.storyboard;
			sourceTree = "<group>";
		};
/* End PBXVariantGroup section */

/* Begin XCBuildConfiguration section */
		5568AF3B2A1150C5001E6E12 /* Debug */ = {
			isa = XCBuildConfiguration;
			buildSettings = {
				ALWAYS_SEARCH_USER_PATHS = NO;
				CLANG_ANALYZER_NONNULL = YES;
				CLANG_ANALYZER_NUMBER_OBJECT_CONVERSION = YES_AGGRESSIVE;
				CLANG_CXX_LANGUAGE_STANDARD = "gnu++20";
				CLANG_ENABLE_MODULES = YES;
				CLANG_ENABLE_OBJC_ARC = YES;
				CLANG_ENABLE_OBJC_WEAK = YES;
				CLANG_WARN_BLOCK_CAPTURE_AUTORELEASING = YES;
				CLANG_WARN_BOOL_CONVERSION = YES;
				CLANG_WARN_COMMA = YES;
				CLANG_WARN_CONSTANT_CONVERSION = YES;
				CLANG_WARN_DEPRECATED_OBJC_IMPLEMENTATIONS = YES;
				CLANG_WARN_DIRECT_OBJC_ISA_USAGE = YES_ERROR;
				CLANG_WARN_DOCUMENTATION_COMMENTS = YES;
				CLANG_WARN_EMPTY_BODY = YES;
				CLANG_WARN_ENUM_CONVERSION = YES;
				CLANG_WARN_INFINITE_RECURSION = YES;
				CLANG_WARN_INT_CONVERSION = YES;
				CLANG_WARN_NON_LITERAL_NULL_CONVERSION = YES;
				CLANG_WARN_OBJC_IMPLICIT_RETAIN_SELF = YES;
				CLANG_WARN_OBJC_LITERAL_CONVERSION = YES;
				CLANG_WARN_OBJC_ROOT_CLASS = YES_ERROR;
				CLANG_WARN_QUOTED_INCLUDE_IN_FRAMEWORK_HEADER = YES;
				CLANG_WARN_RANGE_LOOP_ANALYSIS = YES;
				CLANG_WARN_STRICT_PROTOTYPES = YES;
				CLANG_WARN_SUSPICIOUS_MOVE = YES;
				CLANG_WARN_UNGUARDED_AVAILABILITY = YES_AGGRESSIVE;
				CLANG_WARN_UNREACHABLE_CODE = YES;
				CLANG_WARN__DUPLICATE_METHOD_MATCH = YES;
				COPY_PHASE_STRIP = NO;
				DEBUG_INFORMATION_FORMAT = dwarf;
				ENABLE_STRICT_OBJC_MSGSEND = YES;
				ENABLE_TESTABILITY = YES;
				GCC_C_LANGUAGE_STANDARD = gnu11;
				GCC_DYNAMIC_NO_PIC = NO;
				GCC_NO_COMMON_BLOCKS = YES;
				GCC_OPTIMIZATION_LEVEL = 0;
				GCC_PREPROCESSOR_DEFINITIONS = (
					"DEBUG=1",
					"$(inherited)",
				);
				GCC_WARN_64_TO_32_BIT_CONVERSION = YES;
				GCC_WARN_ABOUT_RETURN_TYPE = YES_ERROR;
				GCC_WARN_UNDECLARED_SELECTOR = YES;
				GCC_WARN_UNINITIALIZED_AUTOS = YES_AGGRESSIVE;
				GCC_WARN_UNUSED_FUNCTION = YES;
				GCC_WARN_UNUSED_VARIABLE = YES;
				IPHONEOS_DEPLOYMENT_TARGET = 16.2;
				MTL_ENABLE_DEBUG_INFO = INCLUDE_SOURCE;
				MTL_FAST_MATH = YES;
				ONLY_ACTIVE_ARCH = YES;
				SDKROOT = iphoneos;
				SWIFT_ACTIVE_COMPILATION_CONDITIONS = DEBUG;
				SWIFT_OPTIMIZATION_LEVEL = "-Onone";
			};
			name = Debug;
		};
		5568AF3C2A1150C5001E6E12 /* Release */ = {
			isa = XCBuildConfiguration;
			buildSettings = {
				ALWAYS_SEARCH_USER_PATHS = NO;
				CLANG_ANALYZER_NONNULL = YES;
				CLANG_ANALYZER_NUMBER_OBJECT_CONVERSION = YES_AGGRESSIVE;
				CLANG_CXX_LANGUAGE_STANDARD = "gnu++20";
				CLANG_ENABLE_MODULES = YES;
				CLANG_ENABLE_OBJC_ARC = YES;
				CLANG_ENABLE_OBJC_WEAK = YES;
				CLANG_WARN_BLOCK_CAPTURE_AUTORELEASING = YES;
				CLANG_WARN_BOOL_CONVERSION = YES;
				CLANG_WARN_COMMA = YES;
				CLANG_WARN_CONSTANT_CONVERSION = YES;
				CLANG_WARN_DEPRECATED_OBJC_IMPLEMENTATIONS = YES;
				CLANG_WARN_DIRECT_OBJC_ISA_USAGE = YES_ERROR;
				CLANG_WARN_DOCUMENTATION_COMMENTS = YES;
				CLANG_WARN_EMPTY_BODY = YES;
				CLANG_WARN_ENUM_CONVERSION = YES;
				CLANG_WARN_INFINITE_RECURSION = YES;
				CLANG_WARN_INT_CONVERSION = YES;
				CLANG_WARN_NON_LITERAL_NULL_CONVERSION = YES;
				CLANG_WARN_OBJC_IMPLICIT_RETAIN_SELF = YES;
				CLANG_WARN_OBJC_LITERAL_CONVERSION = YES;
				CLANG_WARN_OBJC_ROOT_CLASS = YES_ERROR;
				CLANG_WARN_QUOTED_INCLUDE_IN_FRAMEWORK_HEADER = YES;
				CLANG_WARN_RANGE_LOOP_ANALYSIS = YES;
				CLANG_WARN_STRICT_PROTOTYPES = YES;
				CLANG_WARN_SUSPICIOUS_MOVE = YES;
				CLANG_WARN_UNGUARDED_AVAILABILITY = YES_AGGRESSIVE;
				CLANG_WARN_UNREACHABLE_CODE = YES;
				CLANG_WARN__DUPLICATE_METHOD_MATCH = YES;
				COPY_PHASE_STRIP = NO;
				DEBUG_INFORMATION_FORMAT = "dwarf-with-dsym";
				ENABLE_NS_ASSERTIONS = NO;
				ENABLE_STRICT_OBJC_MSGSEND = YES;
				GCC_C_LANGUAGE_STANDARD = gnu11;
				GCC_NO_COMMON_BLOCKS = YES;
				GCC_WARN_64_TO_32_BIT_CONVERSION = YES;
				GCC_WARN_ABOUT_RETURN_TYPE = YES_ERROR;
				GCC_WARN_UNDECLARED_SELECTOR = YES;
				GCC_WARN_UNINITIALIZED_AUTOS = YES_AGGRESSIVE;
				GCC_WARN_UNUSED_FUNCTION = YES;
				GCC_WARN_UNUSED_VARIABLE = YES;
				IPHONEOS_DEPLOYMENT_TARGET = 16.2;
				MTL_ENABLE_DEBUG_INFO = NO;
				MTL_FAST_MATH = YES;
				SDKROOT = iphoneos;
				SWIFT_COMPILATION_MODE = wholemodule;
				SWIFT_OPTIMIZATION_LEVEL = "-O";
				VALIDATE_PRODUCT = YES;
			};
			name = Release;
		};
		5568AF3E2A1150C5001E6E12 /* Debug */ = {
			isa = XCBuildConfiguration;
			buildSettings = {
				ASSETCATALOG_COMPILER_APPICON_NAME = AppIcon;
				ASSETCATALOG_COMPILER_GLOBAL_ACCENT_COLOR_NAME = AccentColor;
				CODE_SIGN_STYLE = Automatic;
				CURRENT_PROJECT_VERSION = 1;
				GENERATE_INFOPLIST_FILE = YES;
				INFOPLIST_FILE = WeatherApp/Resources/Info.plist;
				INFOPLIST_KEY_UIApplicationSupportsIndirectInputEvents = YES;
				INFOPLIST_KEY_UILaunchStoryboardName = LaunchScreen;
				INFOPLIST_KEY_UIMainStoryboardFile = Main;
				INFOPLIST_KEY_UISupportedInterfaceOrientations_iPad = "UIInterfaceOrientationPortrait UIInterfaceOrientationPortraitUpsideDown UIInterfaceOrientationLandscapeLeft UIInterfaceOrientationLandscapeRight";
				INFOPLIST_KEY_UISupportedInterfaceOrientations_iPhone = "UIInterfaceOrientationPortrait UIInterfaceOrientationLandscapeLeft UIInterfaceOrientationLandscapeRight";
				LD_RUNPATH_SEARCH_PATHS = (
					"$(inherited)",
					"@executable_path/Frameworks",
				);
				MARKETING_VERSION = 1.0;
				PRODUCT_BUNDLE_IDENTIFIER = com.alaaeddine.WeatherApp;
				PRODUCT_NAME = "$(TARGET_NAME)";
				SWIFT_EMIT_LOC_STRINGS = YES;
				SWIFT_VERSION = 5.0;
				TARGETED_DEVICE_FAMILY = "1,2";
			};
			name = Debug;
		};
		5568AF3F2A1150C5001E6E12 /* Release */ = {
			isa = XCBuildConfiguration;
			buildSettings = {
				ASSETCATALOG_COMPILER_APPICON_NAME = AppIcon;
				ASSETCATALOG_COMPILER_GLOBAL_ACCENT_COLOR_NAME = AccentColor;
				CODE_SIGN_STYLE = Automatic;
				CURRENT_PROJECT_VERSION = 1;
				GENERATE_INFOPLIST_FILE = YES;
				INFOPLIST_FILE = WeatherApp/Resources/Info.plist;
				INFOPLIST_KEY_UIApplicationSupportsIndirectInputEvents = YES;
				INFOPLIST_KEY_UILaunchStoryboardName = LaunchScreen;
				INFOPLIST_KEY_UIMainStoryboardFile = Main;
				INFOPLIST_KEY_UISupportedInterfaceOrientations_iPad = "UIInterfaceOrientationPortrait UIInterfaceOrientationPortraitUpsideDown UIInterfaceOrientationLandscapeLeft UIInterfaceOrientationLandscapeRight";
				INFOPLIST_KEY_UISupportedInterfaceOrientations_iPhone = "UIInterfaceOrientationPortrait UIInterfaceOrientationLandscapeLeft UIInterfaceOrientationLandscapeRight";
				LD_RUNPATH_SEARCH_PATHS = (
					"$(inherited)",
					"@executable_path/Frameworks",
				);
				MARKETING_VERSION = 1.0;
				PRODUCT_BUNDLE_IDENTIFIER = com.alaaeddine.WeatherApp;
				PRODUCT_NAME = "$(TARGET_NAME)";
				SWIFT_EMIT_LOC_STRINGS = YES;
				SWIFT_VERSION = 5.0;
				TARGETED_DEVICE_FAMILY = "1,2";
			};
			name = Release;
		};
		5568AF412A1150C5001E6E12 /* Debug */ = {
			isa = XCBuildConfiguration;
			buildSettings = {
				ALWAYS_EMBED_SWIFT_STANDARD_LIBRARIES = YES;
				BUNDLE_LOADER = "$(TEST_HOST)";
				CODE_SIGN_STYLE = Automatic;
				CURRENT_PROJECT_VERSION = 1;
				GENERATE_INFOPLIST_FILE = YES;
				IPHONEOS_DEPLOYMENT_TARGET = 16.2;
				MARKETING_VERSION = 1.0;
				PRODUCT_BUNDLE_IDENTIFIER = com.alaaeddine.WeatherAppTests;
				PRODUCT_NAME = "$(TARGET_NAME)";
				SWIFT_EMIT_LOC_STRINGS = NO;
				SWIFT_VERSION = 5.0;
				TARGETED_DEVICE_FAMILY = "1,2";
				TEST_HOST = "$(BUILT_PRODUCTS_DIR)/WeatherApp.app/$(BUNDLE_EXECUTABLE_FOLDER_PATH)/WeatherApp";
			};
			name = Debug;
		};
		5568AF422A1150C5001E6E12 /* Release */ = {
			isa = XCBuildConfiguration;
			buildSettings = {
				ALWAYS_EMBED_SWIFT_STANDARD_LIBRARIES = YES;
				BUNDLE_LOADER = "$(TEST_HOST)";
				CODE_SIGN_STYLE = Automatic;
				CURRENT_PROJECT_VERSION = 1;
				GENERATE_INFOPLIST_FILE = YES;
				IPHONEOS_DEPLOYMENT_TARGET = 16.2;
				MARKETING_VERSION = 1.0;
				PRODUCT_BUNDLE_IDENTIFIER = com.alaaeddine.WeatherAppTests;
				PRODUCT_NAME = "$(TARGET_NAME)";
				SWIFT_EMIT_LOC_STRINGS = NO;
				SWIFT_VERSION = 5.0;
				TARGETED_DEVICE_FAMILY = "1,2";
				TEST_HOST = "$(BUILT_PRODUCTS_DIR)/WeatherApp.app/$(BUNDLE_EXECUTABLE_FOLDER_PATH)/WeatherApp";
			};
			name = Release;
		};
		5568AF442A1150C5001E6E12 /* Debug */ = {
			isa = XCBuildConfiguration;
			buildSettings = {
				ALWAYS_EMBED_SWIFT_STANDARD_LIBRARIES = YES;
				CODE_SIGN_STYLE = Automatic;
				CURRENT_PROJECT_VERSION = 1;
				GENERATE_INFOPLIST_FILE = YES;
				MARKETING_VERSION = 1.0;
				PRODUCT_BUNDLE_IDENTIFIER = com.alaaeddine.WeatherAppUITests;
				PRODUCT_NAME = "$(TARGET_NAME)";
				SWIFT_EMIT_LOC_STRINGS = NO;
				SWIFT_VERSION = 5.0;
				TARGETED_DEVICE_FAMILY = "1,2";
				TEST_TARGET_NAME = WeatherApp;
			};
			name = Debug;
		};
		5568AF452A1150C5001E6E12 /* Release */ = {
			isa = XCBuildConfiguration;
			buildSettings = {
				ALWAYS_EMBED_SWIFT_STANDARD_LIBRARIES = YES;
				CODE_SIGN_STYLE = Automatic;
				CURRENT_PROJECT_VERSION = 1;
				GENERATE_INFOPLIST_FILE = YES;
				MARKETING_VERSION = 1.0;
				PRODUCT_BUNDLE_IDENTIFIER = com.alaaeddine.WeatherAppUITests;
				PRODUCT_NAME = "$(TARGET_NAME)";
				SWIFT_EMIT_LOC_STRINGS = NO;
				SWIFT_VERSION = 5.0;
				TARGETED_DEVICE_FAMILY = "1,2";
				TEST_TARGET_NAME = WeatherApp;
			};
			name = Release;
		};
/* End XCBuildConfiguration section */

/* Begin XCConfigurationList section */
		5568AF0E2A1150C4001E6E12 /* Build configuration list for PBXProject "WeatherApp" */ = {
			isa = XCConfigurationList;
			buildConfigurations = (
				5568AF3B2A1150C5001E6E12 /* Debug */,
				5568AF3C2A1150C5001E6E12 /* Release */,
			);
			defaultConfigurationIsVisible = 0;
			defaultConfigurationName = Release;
		};
		5568AF3D2A1150C5001E6E12 /* Build configuration list for PBXNativeTarget "WeatherApp" */ = {
			isa = XCConfigurationList;
			buildConfigurations = (
				5568AF3E2A1150C5001E6E12 /* Debug */,
				5568AF3F2A1150C5001E6E12 /* Release */,
			);
			defaultConfigurationIsVisible = 0;
			defaultConfigurationName = Release;
		};
		5568AF402A1150C5001E6E12 /* Build configuration list for PBXNativeTarget "WeatherAppTests" */ = {
			isa = XCConfigurationList;
			buildConfigurations = (
				5568AF412A1150C5001E6E12 /* Debug */,
				5568AF422A1150C5001E6E12 /* Release */,
			);
			defaultConfigurationIsVisible = 0;
			defaultConfigurationName = Release;
		};
		5568AF432A1150C5001E6E12 /* Build configuration list for PBXNativeTarget "WeatherAppUITests" */ = {
			isa = XCConfigurationList;
			buildConfigurations = (
				5568AF442A1150C5001E6E12 /* Debug */,
				5568AF452A1150C5001E6E12 /* Release */,
			);
			defaultConfigurationIsVisible = 0;
			defaultConfigurationName = Release;
		};
/* End XCConfigurationList section */
	};
	rootObject = 5568AF0B2A1150C4001E6E12 /* Project object */;
}
